Microsoft Visual Studio Solution File, Format Version 12.00
# Visual Studio 2012
Project("{FAE04EC0-301F-11D3-BF4B-00C04F79EFBC}") = "ServiceDiscovery", "src\ServiceDiscovery\ServiceDiscovery.csproj", "{7A3F9B14-06A9-41C4-B31E-F0DD85BF3735}"
EndProject
Project("{FAE04EC0-301F-11D3-BF4B-00C04F79EFBC}") = "ServiceDiscovery.Test", "src\ServiceDiscovery.Test\ServiceDiscovery.Test.csproj", "{19F1DEBC-DE5E-4517-8062-F000CD499087}"
EndProject
Global
	GlobalSection(SolutionConfigurationPlatforms) = preSolution
		Debug|Any CPU = Debug|Any CPU
		Release|Any CPU = Release|Any CPU
	EndGlobalSection
	GlobalSection(ProjectConfigurationPlatforms) = postSolution
		{7A3F9B14-06A9-41C4-B31E-F0DD85BF3735}.Debug|Any CPU.ActiveCfg = Debug|Any CPU
		{7A3F9B14-06A9-41C4-B31E-F0DD85BF3735}.Debug|Any CPU.Build.0 = Debug|Any CPU
		{7A3F9B14-06A9-41C4-B31E-F0DD85BF3735}.Release|Any CPU.ActiveCfg = Release|Any CPU
		{7A3F9B14-06A9-41C4-B31E-F0DD85BF3735}.Release|Any CPU.Build.0 = Release|Any CPU
		{19F1DEBC-DE5E-4517-8062-F000CD499087}.Debug|Any CPU.ActiveCfg = Debug|Any CPU
		{19F1DEBC-DE5E-4517-8062-F000CD499087}.Debug|Any CPU.Build.0 = Debug|Any CPU
		{19F1DEBC-DE5E-4517-8062-F000CD499087}.Release|Any CPU.ActiveCfg = Release|Any CPU
		{19F1DEBC-DE5E-4517-8062-F000CD499087}.Release|Any CPU.Build.0 = Release|Any CPU
	EndGlobalSection
	GlobalSection(SolutionProperties) = preSolution
		HideSolutionNode = FALSE
	EndGlobalSection
EndGlobal
